
Microsoft Visual Studio Solution File, Format Version 12.00
Project("{FAE04EC0-301F-11D3-BF4B-00C04F79EFBC}") = "RainbowTags-Reborn", "RainbowTags-Reborn\RainbowTags-Reborn.csproj", "{5A37E4E8-AABF-41F0-8BCA-C5B4BC362288}"
EndProject
Global
	GlobalSection(SolutionConfigurationPlatforms) = preSolution
		Debug|Any CPU = Debug|Any CPU
		Release|Any CPU = Release|Any CPU
	EndGlobalSection
	GlobalSection(ProjectConfigurationPlatforms) = postSolution
		{5A37E4E8-AABF-41F0-8BCA-C5B4BC362288}.Debug|Any CPU.ActiveCfg = Debug|Any CPU
		{5A37E4E8-AABF-41F0-8BCA-C5B4BC362288}.Debug|Any CPU.Build.0 = Debug|Any CPU
		{5A37E4E8-AABF-41F0-8BCA-C5B4BC362288}.Release|Any CPU.ActiveCfg = Release|Any CPU
		{5A37E4E8-AABF-41F0-8BCA-C5B4BC362288}.Release|Any CPU.Build.0 = Release|Any CPU
	EndGlobalSection
EndGlobal
